// !$*UTF8*$!
{
	archiveVersion = 1;
	classes = {
	};
	objectVersion = 56;
	objects = {

/* Begin PBXBuildFile section */
		CE57E4102AA225DF006A822F /* AppDelegate.swift in Sources */ = {isa = PBXBuildFile; fileRef = CE57E40F2AA225DF006A822F /* AppDelegate.swift */; };
		CE57E4122AA225DF006A822F /* SceneDelegate.swift in Sources */ = {isa = PBXBuildFile; fileRef = CE57E4112AA225DF006A822F /* SceneDelegate.swift */; };
		CE57E4142AA225DF006A822F /* ViewController.swift in Sources */ = {isa = PBXBuildFile; fileRef = CE57E4132AA225DF006A822F /* ViewController.swift */; };
		CE57E4172AA225DF006A822F /* Main.storyboard in Resources */ = {isa = PBXBuildFile; fileRef = CE57E4152AA225DF006A822F /* Main.storyboard */; };
		CE57E4192AA225E1006A822F /* Assets.xcassets in Resources */ = {isa = PBXBuildFile; fileRef = CE57E4182AA225E1006A822F /* Assets.xcassets */; };
		CE57E41C2AA225E1006A822F /* LaunchScreen.storyboard in Resources */ = {isa = PBXBuildFile; fileRef = CE57E41A2AA225E1006A822F /* LaunchScreen.storyboard */; };
		CEE7CA1A2AA2529F00A33948 /* Slide.swift in Sources */ = {isa = PBXBuildFile; fileRef = CEE7CA192AA2529F00A33948 /* Slide.swift */; };
		CEE7CA1C2AA2568E00A33948 /* CVFlowLayout_Onboarding.swift in Sources */ = {isa = PBXBuildFile; fileRef = CEE7CA1B2AA2568E00A33948 /* CVFlowLayout_Onboarding.swift */; };
		CEE7CA1E2AA26B8300A33948 /* VC_Home.swift in Sources */ = {isa = PBXBuildFile; fileRef = CEE7CA1D2AA26B8300A33948 /* VC_Home.swift */; };
		CEE7CA212AA34A9B00A33948 /* CVCell_Movie.swift in Sources */ = {isa = PBXBuildFile; fileRef = CEE7CA1F2AA34A9B00A33948 /* CVCell_Movie.swift */; };
		CEE7CA222AA34A9B00A33948 /* CVCell_Movie.xib in Resources */ = {isa = PBXBuildFile; fileRef = CEE7CA202AA34A9B00A33948 /* CVCell_Movie.xib */; };
		CEE7CA242AA35C1300A33948 /* Movie.swift in Sources */ = {isa = PBXBuildFile; fileRef = CEE7CA232AA35C1300A33948 /* Movie.swift */; };
		CEE7CA262AA365A000A33948 /* CVFlowLayout_Movies.swift in Sources */ = {isa = PBXBuildFile; fileRef = CEE7CA252AA365A000A33948 /* CVFlowLayout_Movies.swift */; };
		CEE7CA292AA3B66A00A33948 /* CVCell_UpcomingMovie.swift in Sources */ = {isa = PBXBuildFile; fileRef = CEE7CA272AA3B66A00A33948 /* CVCell_UpcomingMovie.swift */; };
		CEE7CA2A2AA3B66A00A33948 /* CVCell_UpcomingMovie.xib in Resources */ = {isa = PBXBuildFile; fileRef = CEE7CA282AA3B66A00A33948 /* CVCell_UpcomingMovie.xib */; };
		CEEA3A322AA24F9500A25003 /* CVCell_Onboarding.swift in Sources */ = {isa = PBXBuildFile; fileRef = CEEA3A302AA24F9500A25003 /* CVCell_Onboarding.swift */; };
		CEEA3A332AA24F9500A25003 /* CVCell_Onboarding.xib in Resources */ = {isa = PBXBuildFile; fileRef = CEEA3A312AA24F9500A25003 /* CVCell_Onboarding.xib */; };
/* End PBXBuildFile section */

/* Begin PBXFileReference section */
		CE57E40C2AA225DF006A822F /* MovieTicketBooking.app */ = {isa = PBXFileReference; explicitFileType = wrapper.application; includeInIndex = 0; path = MovieTicketBooking.app; sourceTree = BUILT_PRODUCTS_DIR; };
		CE57E40F2AA225DF006A822F /* AppDelegate.swift */ = {isa = PBXFileReference; lastKnownFileType = sourcecode.swift; path = AppDelegate.swift; sourceTree = "<group>"; };
		CE57E4112AA225DF006A822F /* SceneDelegate.swift */ = {isa = PBXFileReference; lastKnownFileType = sourcecode.swift; path = SceneDelegate.swift; sourceTree = "<group>"; };
		CE57E4132AA225DF006A822F /* ViewController.swift */ = {isa = PBXFileReference; lastKnownFileType = sourcecode.swift; path = ViewController.swift; sourceTree = "<group>"; };
		CE57E4162AA225DF006A822F /* Base */ = {isa = PBXFileReference; lastKnownFileType = file.storyboard; name = Base; path = Base.lproj/Main.storyboard; sourceTree = "<group>"; };
		CE57E4182AA225E1006A822F /* Assets.xcassets */ = {isa = PBXFileReference; lastKnownFileType = folder.assetcatalog; path = Assets.xcassets; sourceTree = "<group>"; };
		CE57E41B2AA225E1006A822F /* Base */ = {isa = PBXFileReference; lastKnownFileType = file.storyboard; name = Base; path = Base.lproj/LaunchScreen.storyboard; sourceTree = "<group>"; };
		CE57E41D2AA225E1006A822F /* Info.plist */ = {isa = PBXFileReference; lastKnownFileType = text.plist.xml; path = Info.plist; sourceTree = "<group>"; };
		CEE7CA192AA2529F00A33948 /* Slide.swift */ = {isa = PBXFileReference; lastKnownFileType = sourcecode.swift; path = Slide.swift; sourceTree = "<group>"; };
		CEE7CA1B2AA2568E00A33948 /* CVFlowLayout_Onboarding.swift */ = {isa = PBXFileReference; lastKnownFileType = sourcecode.swift; path = CVFlowLayout_Onboarding.swift; sourceTree = "<group>"; };
		CEE7CA1D2AA26B8300A33948 /* VC_Home.swift */ = {isa = PBXFileReference; lastKnownFileType = sourcecode.swift; path = VC_Home.swift; sourceTree = "<group>"; };
		CEE7CA1F2AA34A9B00A33948 /* CVCell_Movie.swift */ = {isa = PBXFileReference; lastKnownFileType = sourcecode.swift; path = CVCell_Movie.swift; sourceTree = "<group>"; };
		CEE7CA202AA34A9B00A33948 /* CVCell_Movie.xib */ = {isa = PBXFileReference; lastKnownFileType = file.xib; path = CVCell_Movie.xib; sourceTree = "<group>"; };
		CEE7CA232AA35C1300A33948 /* Movie.swift */ = {isa = PBXFileReference; lastKnownFileType = sourcecode.swift; path = Movie.swift; sourceTree = "<group>"; };
		CEE7CA252AA365A000A33948 /* CVFlowLayout_Movies.swift */ = {isa = PBXFileReference; lastKnownFileType = sourcecode.swift; path = CVFlowLayout_Movies.swift; sourceTree = "<group>"; };
		CEE7CA272AA3B66A00A33948 /* CVCell_UpcomingMovie.swift */ = {isa = PBXFileReference; lastKnownFileType = sourcecode.swift; path = CVCell_UpcomingMovie.swift; sourceTree = "<group>"; };
		CEE7CA282AA3B66A00A33948 /* CVCell_UpcomingMovie.xib */ = {isa = PBXFileReference; lastKnownFileType = file.xib; path = CVCell_UpcomingMovie.xib; sourceTree = "<group>"; };
		CEEA3A302AA24F9500A25003 /* CVCell_Onboarding.swift */ = {isa = PBXFileReference; lastKnownFileType = sourcecode.swift; path = CVCell_Onboarding.swift; sourceTree = "<group>"; };
		CEEA3A312AA24F9500A25003 /* CVCell_Onboarding.xib */ = {isa = PBXFileReference; lastKnownFileType = file.xib; path = CVCell_Onboarding.xib; sourceTree = "<group>"; };
/* End PBXFileReference section */

/* Begin PBXFrameworksBuildPhase section */
		CE57E4092AA225DF006A822F /* Frameworks */ = {
			isa = PBXFrameworksBuildPhase;
			buildActionMask = 2147483647;
			files = (
			);
			runOnlyForDeploymentPostprocessing = 0;
		};
/* End PBXFrameworksBuildPhase section */

/* Begin PBXGroup section */
		CE57E4032AA225DF006A822F = {
			isa = PBXGroup;
			children = (
				CE57E40E2AA225DF006A822F /* MovieTicketBooking */,
				CE57E40D2AA225DF006A822F /* Products */,
			);
			sourceTree = "<group>";
		};
		CE57E40D2AA225DF006A822F /* Products */ = {
			isa = PBXGroup;
			children = (
				CE57E40C2AA225DF006A822F /* MovieTicketBooking.app */,
			);
			name = Products;
			sourceTree = "<group>";
		};
		CE57E40E2AA225DF006A822F /* MovieTicketBooking */ = {
			isa = PBXGroup;
			children = (
				CE57E40F2AA225DF006A822F /* AppDelegate.swift */,
				CE57E4112AA225DF006A822F /* SceneDelegate.swift */,
				CE57E4132AA225DF006A822F /* ViewController.swift */,
				CE57E4152AA225DF006A822F /* Main.storyboard */,
				CE57E4182AA225E1006A822F /* Assets.xcassets */,
				CE57E41A2AA225E1006A822F /* LaunchScreen.storyboard */,
				CE57E41D2AA225E1006A822F /* Info.plist */,
				CEEA3A302AA24F9500A25003 /* CVCell_Onboarding.swift */,
				CEEA3A312AA24F9500A25003 /* CVCell_Onboarding.xib */,
				CEE7CA192AA2529F00A33948 /* Slide.swift */,
				CEE7CA1B2AA2568E00A33948 /* CVFlowLayout_Onboarding.swift */,
				CEE7CA1D2AA26B8300A33948 /* VC_Home.swift */,
				CEE7CA1F2AA34A9B00A33948 /* CVCell_Movie.swift */,
				CEE7CA202AA34A9B00A33948 /* CVCell_Movie.xib */,
				CEE7CA232AA35C1300A33948 /* Movie.swift */,
				CEE7CA252AA365A000A33948 /* CVFlowLayout_Movies.swift */,
				CEE7CA272AA3B66A00A33948 /* CVCell_UpcomingMovie.swift */,
				CEE7CA282AA3B66A00A33948 /* CVCell_UpcomingMovie.xib */,
			);
			path = MovieTicketBooking;
			sourceTree = "<group>";
		};
/* End PBXGroup section */

/* Begin PBXNativeTarget section */
		CE57E40B2AA225DF006A822F /* MovieTicketBooking */ = {
			isa = PBXNativeTarget;
			buildConfigurationList = CE57E4202AA225E1006A822F /* Build configuration list for PBXNativeTarget "MovieTicketBooking" */;
			buildPhases = (
				CE57E4082AA225DF006A822F /* Sources */,
				CE57E4092AA225DF006A822F /* Frameworks */,
				CE57E40A2AA225DF006A822F /* Resources */,
			);
			buildRules = (
			);
			dependencies = (
			);
			name = MovieTicketBooking;
			productName = MovieTicketBooking;
			productReference = CE57E40C2AA225DF006A822F /* MovieTicketBooking.app */;
			productType = "com.apple.product-type.application";
		};
/* End PBXNativeTarget section */

/* Begin PBXProject section */
		CE57E4042AA225DF006A822F /* Project object */ = {
			isa = PBXProject;
			attributes = {
				BuildIndependentTargetsInParallel = 1;
				LastSwiftUpdateCheck = 1430;
				LastUpgradeCheck = 1430;
				TargetAttributes = {
					CE57E40B2AA225DF006A822F = {
						CreatedOnToolsVersion = 14.3.1;
					};
				};
			};
			buildConfigurationList = CE57E4072AA225DF006A822F /* Build configuration list for PBXProject "MovieTicketBooking" */;
			compatibilityVersion = "Xcode 14.0";
			developmentRegion = en;
			hasScannedForEncodings = 0;
			knownRegions = (
				en,
				Base,
			);
			mainGroup = CE57E4032AA225DF006A822F;
			productRefGroup = CE57E40D2AA225DF006A822F /* Products */;
			projectDirPath = "";
			projectRoot = "";
			targets = (
				CE57E40B2AA225DF006A822F /* MovieTicketBooking */,
			);
		};
/* End PBXProject section */

/* Begin PBXResourcesBuildPhase section */
		CE57E40A2AA225DF006A822F /* Resources */ = {
			isa = PBXResourcesBuildPhase;
			buildActionMask = 2147483647;
			files = (
				CE57E41C2AA225E1006A822F /* LaunchScreen.storyboard in Resources */,
				CEE7CA222AA34A9B00A33948 /* CVCell_Movie.xib in Resources */,
				CEEA3A332AA24F9500A25003 /* CVCell_Onboarding.xib in Resources */,
				CE57E4192AA225E1006A822F /* Assets.xcassets in Resources */,
				CE57E4172AA225DF006A822F /* Main.storyboard in Resources */,
				CEE7CA2A2AA3B66A00A33948 /* CVCell_UpcomingMovie.xib in Resources */,
			);
			runOnlyForDeploymentPostprocessing = 0;
		};
/* End PBXResourcesBuildPhase section */

/* Begin PBXSourcesBuildPhase section */
		CE57E4082AA225DF006A822F /* Sources */ = {
			isa = PBXSourcesBuildPhase;
			buildActionMask = 2147483647;
			files = (
				CE57E4142AA225DF006A822F /* ViewController.swift in Sources */,
				CEEA3A322AA24F9500A25003 /* CVCell_Onboarding.swift in Sources */,
				CEE7CA242AA35C1300A33948 /* Movie.swift in Sources */,
				CEE7CA262AA365A000A33948 /* CVFlowLayout_Movies.swift in Sources */,
				CEE7CA292AA3B66A00A33948 /* CVCell_UpcomingMovie.swift in Sources */,
				CE57E4102AA225DF006A822F /* AppDelegate.swift in Sources */,
				CE57E4122AA225DF006A822F /* SceneDelegate.swift in Sources */,
				CEE7CA1A2AA2529F00A33948 /* Slide.swift in Sources */,
				CEE7CA212AA34A9B00A33948 /* CVCell_Movie.swift in Sources */,
				CEE7CA1C2AA2568E00A33948 /* CVFlowLayout_Onboarding.swift in Sources */,
				CEE7CA1E2AA26B8300A33948 /* VC_Home.swift in Sources */,
			);
			runOnlyForDeploymentPostprocessing = 0;
		};
/* End PBXSourcesBuildPhase section */

/* Begin PBXVariantGroup section */
		CE57E4152AA225DF006A822F /* Main.storyboard */ = {
			isa = PBXVariantGroup;
			children = (
				CE57E4162AA225DF006A822F /* Base */,
			);
			name = Main.storyboard;
			sourceTree = "<group>";
		};
		CE57E41A2AA225E1006A822F /* LaunchScreen.storyboard */ = {
			isa = PBXVariantGroup;
			children = (
				CE57E41B2AA225E1006A822F /* Base */,
			);
			name = LaunchScreen.storyboard;
			sourceTree = "<group>";
		};
/* End PBXVariantGroup section */

/* Begin XCBuildConfiguration section */
		CE57E41E2AA225E1006A822F /* Debug */ = {
			isa = XCBuildConfiguration;
			buildSettings = {
				ALWAYS_SEARCH_USER_PATHS = NO;
				CLANG_ANALYZER_NONNULL = YES;
				CLANG_ANALYZER_NUMBER_OBJECT_CONVERSION = YES_AGGRESSIVE;
				CLANG_CXX_LANGUAGE_STANDARD = "gnu++20";
				CLANG_ENABLE_MODULES = YES;
				CLANG_ENABLE_OBJC_ARC = YES;
				CLANG_ENABLE_OBJC_WEAK = YES;
				CLANG_WARN_BLOCK_CAPTURE_AUTORELEASING = YES;
				CLANG_WARN_BOOL_CONVERSION = YES;
				CLANG_WARN_COMMA = YES;
				CLANG_WARN_CONSTANT_CONVERSION = YES;
				CLANG_WARN_DEPRECATED_OBJC_IMPLEMENTATIONS = YES;
				CLANG_WARN_DIRECT_OBJC_ISA_USAGE = YES_ERROR;
				CLANG_WARN_DOCUMENTATION_COMMENTS = YES;
				CLANG_WARN_EMPTY_BODY = YES;
				CLANG_WARN_ENUM_CONVERSION = YES;
				CLANG_WARN_INFINITE_RECURSION = YES;
				CLANG_WARN_INT_CONVERSION = YES;
				CLANG_WARN_NON_LITERAL_NULL_CONVERSION = YES;
				CLANG_WARN_OBJC_IMPLICIT_RETAIN_SELF = YES;
				CLANG_WARN_OBJC_LITERAL_CONVERSION = YES;
				CLANG_WARN_OBJC_ROOT_CLASS = YES_ERROR;
				CLANG_WARN_QUOTED_INCLUDE_IN_FRAMEWORK_HEADER = YES;
				CLANG_WARN_RANGE_LOOP_ANALYSIS = YES;
				CLANG_WARN_STRICT_PROTOTYPES = YES;
				CLANG_WARN_SUSPICIOUS_MOVE = YES;
				CLANG_WARN_UNGUARDED_AVAILABILITY = YES_AGGRESSIVE;
				CLANG_WARN_UNREACHABLE_CODE = YES;
				CLANG_WARN__DUPLICATE_METHOD_MATCH = YES;
				COPY_PHASE_STRIP = NO;
				DEBUG_INFORMATION_FORMAT = dwarf;
				ENABLE_STRICT_OBJC_MSGSEND = YES;
				ENABLE_TESTABILITY = YES;
				GCC_C_LANGUAGE_STANDARD = gnu11;
				GCC_DYNAMIC_NO_PIC = NO;
				GCC_NO_COMMON_BLOCKS = YES;
				GCC_OPTIMIZATION_LEVEL = 0;
				GCC_PREPROCESSOR_DEFINITIONS = (
					"DEBUG=1",
					"$(inherited)",
				);
				GCC_WARN_64_TO_32_BIT_CONVERSION = YES;
				GCC_WARN_ABOUT_RETURN_TYPE = YES_ERROR;
				GCC_WARN_UNDECLARED_SELECTOR = YES;
				GCC_WARN_UNINITIALIZED_AUTOS = YES_AGGRESSIVE;
				GCC_WARN_UNUSED_FUNCTION = YES;
				GCC_WARN_UNUSED_VARIABLE = YES;
				IPHONEOS_DEPLOYMENT_TARGET = 16.4;
				MTL_ENABLE_DEBUG_INFO = INCLUDE_SOURCE;
				MTL_FAST_MATH = YES;
				ONLY_ACTIVE_ARCH = YES;
				SDKROOT = iphoneos;
				SWIFT_ACTIVE_COMPILATION_CONDITIONS = DEBUG;
				SWIFT_OPTIMIZATION_LEVEL = "-Onone";
			};
			name = Debug;
		};
		CE57E41F2AA225E1006A822F /* Release */ = {
			isa = XCBuildConfiguration;
			buildSettings = {
				ALWAYS_SEARCH_USER_PATHS = NO;
				CLANG_ANALYZER_NONNULL = YES;
				CLANG_ANALYZER_NUMBER_OBJECT_CONVERSION = YES_AGGRESSIVE;
				CLANG_CXX_LANGUAGE_STANDARD = "gnu++20";
				CLANG_ENABLE_MODULES = YES;
				CLANG_ENABLE_OBJC_ARC = YES;
				CLANG_ENABLE_OBJC_WEAK = YES;
				CLANG_WARN_BLOCK_CAPTURE_AUTORELEASING = YES;
				CLANG_WARN_BOOL_CONVERSION = YES;
				CLANG_WARN_COMMA = YES;
				CLANG_WARN_CONSTANT_CONVERSION = YES;
				CLANG_WARN_DEPRECATED_OBJC_IMPLEMENTATIONS = YES;
				CLANG_WARN_DIRECT_OBJC_ISA_USAGE = YES_ERROR;
				CLANG_WARN_DOCUMENTATION_COMMENTS = YES;
				CLANG_WARN_EMPTY_BODY = YES;
				CLANG_WARN_ENUM_CONVERSION = YES;
				CLANG_WARN_INFINITE_RECURSION = YES;
				CLANG_WARN_INT_CONVERSION = YES;
				CLANG_WARN_NON_LITERAL_NULL_CONVERSION = YES;
				CLANG_WARN_OBJC_IMPLICIT_RETAIN_SELF = YES;
				CLANG_WARN_OBJC_LITERAL_CONVERSION = YES;
				CLANG_WARN_OBJC_ROOT_CLASS = YES_ERROR;
				CLANG_WARN_QUOTED_INCLUDE_IN_FRAMEWORK_HEADER = YES;
				CLANG_WARN_RANGE_LOOP_ANALYSIS = YES;
				CLANG_WARN_STRICT_PROTOTYPES = YES;
				CLANG_WARN_SUSPICIOUS_MOVE = YES;
				CLANG_WARN_UNGUARDED_AVAILABILITY = YES_AGGRESSIVE;
				CLANG_WARN_UNREACHABLE_CODE = YES;
				CLANG_WARN__DUPLICATE_METHOD_MATCH = YES;
				COPY_PHASE_STRIP = NO;
				DEBUG_INFORMATION_FORMAT = "dwarf-with-dsym";
				ENABLE_NS_ASSERTIONS = NO;
				ENABLE_STRICT_OBJC_MSGSEND = YES;
				GCC_C_LANGUAGE_STANDARD = gnu11;
				GCC_NO_COMMON_BLOCKS = YES;
				GCC_WARN_64_TO_32_BIT_CONVERSION = YES;
				GCC_WARN_ABOUT_RETURN_TYPE = YES_ERROR;
				GCC_WARN_UNDECLARED_SELECTOR = YES;
				GCC_WARN_UNINITIALIZED_AUTOS = YES_AGGRESSIVE;
				GCC_WARN_UNUSED_FUNCTION = YES;
				GCC_WARN_UNUSED_VARIABLE = YES;
				IPHONEOS_DEPLOYMENT_TARGET = 16.4;
				MTL_ENABLE_DEBUG_INFO = NO;
				MTL_FAST_MATH = YES;
				SDKROOT = iphoneos;
				SWIFT_COMPILATION_MODE = wholemodule;
				SWIFT_OPTIMIZATION_LEVEL = "-O";
				VALIDATE_PRODUCT = YES;
			};
			name = Release;
		};
		CE57E4212AA225E1006A822F /* Debug */ = {
			isa = XCBuildConfiguration;
			buildSettings = {
				ASSETCATALOG_COMPILER_APPICON_NAME = AppIcon;
				ASSETCATALOG_COMPILER_GLOBAL_ACCENT_COLOR_NAME = AccentColor;
				CODE_SIGN_STYLE = Automatic;
				CURRENT_PROJECT_VERSION = 1;
				GENERATE_INFOPLIST_FILE = YES;
				INFOPLIST_FILE = MovieTicketBooking/Info.plist;
				INFOPLIST_KEY_UIApplicationSupportsIndirectInputEvents = YES;
				INFOPLIST_KEY_UILaunchStoryboardName = LaunchScreen;
				INFOPLIST_KEY_UIMainStoryboardFile = Main;
				INFOPLIST_KEY_UISupportedInterfaceOrientations_iPad = "UIInterfaceOrientationPortrait UIInterfaceOrientationPortraitUpsideDown UIInterfaceOrientationLandscapeLeft UIInterfaceOrientationLandscapeRight";
				INFOPLIST_KEY_UISupportedInterfaceOrientations_iPhone = "UIInterfaceOrientationPortrait UIInterfaceOrientationLandscapeLeft UIInterfaceOrientationLandscapeRight";
				LD_RUNPATH_SEARCH_PATHS = (
					"$(inherited)",
					"@executable_path/Frameworks",
				);
				MARKETING_VERSION = 1.0;
				PRODUCT_BUNDLE_IDENTIFIER = recepsenoglu.MovieTicketBooking;
				PRODUCT_NAME = "$(TARGET_NAME)";
				SWIFT_EMIT_LOC_STRINGS = YES;
				SWIFT_VERSION = 5.0;
				TARGETED_DEVICE_FAMILY = "1,2";
			};
			name = Debug;
		};
		CE57E4222AA225E1006A822F /* Release */ = {
			isa = XCBuildConfiguration;
			buildSettings = {
				ASSETCATALOG_COMPILER_APPICON_NAME = AppIcon;
				ASSETCATALOG_COMPILER_GLOBAL_ACCENT_COLOR_NAME = AccentColor;
				CODE_SIGN_STYLE = Automatic;
				CURRENT_PROJECT_VERSION = 1;
				GENERATE_INFOPLIST_FILE = YES;
				INFOPLIST_FILE = MovieTicketBooking/Info.plist;
				INFOPLIST_KEY_UIApplicationSupportsIndirectInputEvents = YES;
				INFOPLIST_KEY_UILaunchStoryboardName = LaunchScreen;
				INFOPLIST_KEY_UIMainStoryboardFile = Main;
				INFOPLIST_KEY_UISupportedInterfaceOrientations_iPad = "UIInterfaceOrientationPortrait UIInterfaceOrientationPortraitUpsideDown UIInterfaceOrientationLandscapeLeft UIInterfaceOrientationLandscapeRight";
				INFOPLIST_KEY_UISupportedInterfaceOrientations_iPhone = "UIInterfaceOrientationPortrait UIInterfaceOrientationLandscapeLeft UIInterfaceOrientationLandscapeRight";
				LD_RUNPATH_SEARCH_PATHS = (
					"$(inherited)",
					"@executable_path/Frameworks",
				);
				MARKETING_VERSION = 1.0;
				PRODUCT_BUNDLE_IDENTIFIER = recepsenoglu.MovieTicketBooking;
				PRODUCT_NAME = "$(TARGET_NAME)";
				SWIFT_EMIT_LOC_STRINGS = YES;
				SWIFT_VERSION = 5.0;
				TARGETED_DEVICE_FAMILY = "1,2";
			};
			name = Release;
		};
/* End XCBuildConfiguration section */

/* Begin XCConfigurationList section */
		CE57E4072AA225DF006A822F /* Build configuration list for PBXProject "MovieTicketBooking" */ = {
			isa = XCConfigurationList;
			buildConfigurations = (
				CE57E41E2AA225E1006A822F /* Debug */,
				CE57E41F2AA225E1006A822F /* Release */,
			);
			defaultConfigurationIsVisible = 0;
			defaultConfigurationName = Release;
		};
		CE57E4202AA225E1006A822F /* Build configuration list for PBXNativeTarget "MovieTicketBooking" */ = {
			isa = XCConfigurationList;
			buildConfigurations = (
				CE57E4212AA225E1006A822F /* Debug */,
				CE57E4222AA225E1006A822F /* Release */,
			);
			defaultConfigurationIsVisible = 0;
			defaultConfigurationName = Release;
		};
/* End XCConfigurationList section */
	};
	rootObject = CE57E4042AA225DF006A822F /* Project object */;
}
